
Microsoft Visual Studio Solution File, Format Version 12.00
# Visual Studio 15
VisualStudioVersion = 15.0.27130.2036
MinimumVisualStudioVersion = 10.0.40219.1
Project("{FAE04EC0-301F-11D3-BF4B-00C04F79EFBC}") = "Alternatywa", "Alternatywa\Alternatywa.csproj", "{A90470FD-2777-4CDD-94D0-93FDC966312C}"
EndProject
Global
	GlobalSection(SolutionConfigurationPlatforms) = preSolution
		Debug|Any CPU = Debug|Any CPU
		Release|Any CPU = Release|Any CPU
	EndGlobalSection
	GlobalSection(ProjectConfigurationPlatforms) = postSolution
		{A90470FD-2777-4CDD-94D0-93FDC966312C}.Debug|Any CPU.ActiveCfg = Debug|Any CPU
		{A90470FD-2777-4CDD-94D0-93FDC966312C}.Debug|Any CPU.Build.0 = Debug|Any CPU
		{A90470FD-2777-4CDD-94D0-93FDC966312C}.Release|Any CPU.ActiveCfg = Release|Any CPU
		{A90470FD-2777-4CDD-94D0-93FDC966312C}.Release|Any CPU.Build.0 = Release|Any CPU
	EndGlobalSection
	GlobalSection(SolutionProperties) = preSolution
		HideSolutionNode = FALSE
	EndGlobalSection
	GlobalSection(ExtensibilityGlobals) = postSolution
		SolutionGuid = {B1B63D1D-F0CD-4893-88FF-C7ADC01E8FD4}
	EndGlobalSection
EndGlobal
